
Microsoft Visual Studio Solution File, Format Version 12.00
# Visual Studio Version 17
VisualStudioVersion = 17.3.32825.248
MinimumVisualStudioVersion = 10.0.40219.1
Project("{9A19103F-16F7-4668-BE54-9A1E7A4F7556}") = "Pomotasks.API", "Pomotasks.API\Pomotasks.API.csproj", "{D5BC2FAF-BB90-47E6-98F4-B83F33090126}"
EndProject
Project("{9A19103F-16F7-4668-BE54-9A1E7A4F7556}") = "Pomotasks.Domain", "Pomotasks.Domain\Pomotasks.Domain.csproj", "{DE6CF06F-BC13-4D0B-9D9E-B4BCC2DC4251}"
EndProject
Project("{9A19103F-16F7-4668-BE54-9A1E7A4F7556}") = "Pomotasks.Persistence", "Pomotasks.Persistence\Pomotasks.Persistence.csproj", "{70717F50-FEBB-442A-A2A3-49D28CFCB726}"
EndProject
Project("{9A19103F-16F7-4668-BE54-9A1E7A4F7556}") = "Pomotasks.Service", "Pomotasks.Service\Pomotasks.Service.csproj", "{CECE84A0-6B2B-4FFE-944F-5C9E263FFEE5}"
EndProject
Project("{9A19103F-16F7-4668-BE54-9A1E7A4F7556}") = "Pomotasks.Tests", "Pomotasks.Tests\Pomotasks.Tests.csproj", "{90605F8C-6310-4CAF-AED3-6DB7CB536823}"
EndProject
Project("{2150E333-8FDC-42A3-9474-1A3956D46DE8}") = "Solution Items", "Solution Items", "{DF62BCF2-9190-4724-BEF6-B8520E96D349}"
	ProjectSection(SolutionItems) = preProject
		.editorconfig = .editorconfig
	EndProjectSection
EndProject
Global
	GlobalSection(SolutionConfigurationPlatforms) = preSolution
		Debug|Any CPU = Debug|Any CPU
		Release|Any CPU = Release|Any CPU
	EndGlobalSection
	GlobalSection(ProjectConfigurationPlatforms) = postSolution
		{D5BC2FAF-BB90-47E6-98F4-B83F33090126}.Debug|Any CPU.ActiveCfg = Debug|Any CPU
		{D5BC2FAF-BB90-47E6-98F4-B83F33090126}.Debug|Any CPU.Build.0 = Debug|Any CPU
		{D5BC2FAF-BB90-47E6-98F4-B83F33090126}.Release|Any CPU.ActiveCfg = Release|Any CPU
		{D5BC2FAF-BB90-47E6-98F4-B83F33090126}.Release|Any CPU.Build.0 = Release|Any CPU
		{DE6CF06F-BC13-4D0B-9D9E-B4BCC2DC4251}.Debug|Any CPU.ActiveCfg = Debug|Any CPU
		{DE6CF06F-BC13-4D0B-9D9E-B4BCC2DC4251}.Debug|Any CPU.Build.0 = Debug|Any CPU
		{DE6CF06F-BC13-4D0B-9D9E-B4BCC2DC4251}.Release|Any CPU.ActiveCfg = Release|Any CPU
		{DE6CF06F-BC13-4D0B-9D9E-B4BCC2DC4251}.Release|Any CPU.Build.0 = Release|Any CPU
		{70717F50-FEBB-442A-A2A3-49D28CFCB726}.Debug|Any CPU.ActiveCfg = Debug|Any CPU
		{70717F50-FEBB-442A-A2A3-49D28CFCB726}.Debug|Any CPU.Build.0 = Debug|Any CPU
		{70717F50-FEBB-442A-A2A3-49D28CFCB726}.Release|Any CPU.ActiveCfg = Release|Any CPU
		{70717F50-FEBB-442A-A2A3-49D28CFCB726}.Release|Any CPU.Build.0 = Release|Any CPU
		{CECE84A0-6B2B-4FFE-944F-5C9E263FFEE5}.Debug|Any CPU.ActiveCfg = Debug|Any CPU
		{CECE84A0-6B2B-4FFE-944F-5C9E263FFEE5}.Debug|Any CPU.Build.0 = Debug|Any CPU
		{CECE84A0-6B2B-4FFE-944F-5C9E263FFEE5}.Release|Any CPU.ActiveCfg = Release|Any CPU
		{CECE84A0-6B2B-4FFE-944F-5C9E263FFEE5}.Release|Any CPU.Build.0 = Release|Any CPU
		{90605F8C-6310-4CAF-AED3-6DB7CB536823}.Debug|Any CPU.ActiveCfg = Debug|Any CPU
		{90605F8C-6310-4CAF-AED3-6DB7CB536823}.Debug|Any CPU.Build.0 = Debug|Any CPU
		{90605F8C-6310-4CAF-AED3-6DB7CB536823}.Release|Any CPU.ActiveCfg = Release|Any CPU
		{90605F8C-6310-4CAF-AED3-6DB7CB536823}.Release|Any CPU.Build.0 = Release|Any CPU
	EndGlobalSection
	GlobalSection(SolutionProperties) = preSolution
		HideSolutionNode = FALSE
	EndGlobalSection
	GlobalSection(ExtensibilityGlobals) = postSolution
		SolutionGuid = {EFCA1475-7515-4B8A-948C-CDBB3B3E4789}
	EndGlobalSection
EndGlobal
