
Microsoft Visual Studio Solution File, Format Version 12.00
# Visual Studio Version 17
VisualStudioVersion = 17.3.32825.248
MinimumVisualStudioVersion = 10.0.40219.1
Project("{FAE04EC0-301F-11D3-BF4B-00C04F79EFBC}") = "Pomotasks.API", "Pomotasks.API\Pomotasks.API.csproj", "{D5BC2FAF-BB90-47E6-98F4-B83F33090126}"
EndProject
Global
	GlobalSection(SolutionConfigurationPlatforms) = preSolution
		Debug|Any CPU = Debug|Any CPU
		Release|Any CPU = Release|Any CPU
	EndGlobalSection
	GlobalSection(ProjectConfigurationPlatforms) = postSolution
		{D5BC2FAF-BB90-47E6-98F4-B83F33090126}.Debug|Any CPU.ActiveCfg = Debug|Any CPU
		{D5BC2FAF-BB90-47E6-98F4-B83F33090126}.Debug|Any CPU.Build.0 = Debug|Any CPU
		{D5BC2FAF-BB90-47E6-98F4-B83F33090126}.Release|Any CPU.ActiveCfg = Release|Any CPU
		{D5BC2FAF-BB90-47E6-98F4-B83F33090126}.Release|Any CPU.Build.0 = Release|Any CPU
	EndGlobalSection
	GlobalSection(SolutionProperties) = preSolution
		HideSolutionNode = FALSE
	EndGlobalSection
	GlobalSection(ExtensibilityGlobals) = postSolution
		SolutionGuid = {EFCA1475-7515-4B8A-948C-CDBB3B3E4789}
	EndGlobalSection
EndGlobal
